
Microsoft Visual Studio Solution File, Format Version 12.00
# Visual Studio Version 17
VisualStudioVersion = 17.10.35122.118
MinimumVisualStudioVersion = 10.0.40219.1
Project("{FAE04EC0-301F-11D3-BF4B-00C04F79EFBC}") = "QuizDesktopApp", "QuizDesktopApp.csproj", "{E178495D-DDBE-4B2B-9805-4703867911EF}"
EndProject
Global
	GlobalSection(SolutionConfigurationPlatforms) = preSolution
		Debug|Any CPU = Debug|Any CPU
		Release|Any CPU = Release|Any CPU
	EndGlobalSection
	GlobalSection(ProjectConfigurationPlatforms) = postSolution
		{E178495D-DDBE-4B2B-9805-4703867911EF}.Debug|Any CPU.ActiveCfg = Debug|Any CPU
		{E178495D-DDBE-4B2B-9805-4703867911EF}.Debug|Any CPU.Build.0 = Debug|Any CPU
		{E178495D-DDBE-4B2B-9805-4703867911EF}.Release|Any CPU.ActiveCfg = Release|Any CPU
		{E178495D-DDBE-4B2B-9805-4703867911EF}.Release|Any CPU.Build.0 = Release|Any CPU
	EndGlobalSection
	GlobalSection(SolutionProperties) = preSolution
		HideSolutionNode = FALSE
	EndGlobalSection
	GlobalSection(ExtensibilityGlobals) = postSolution
		SolutionGuid = {9E2051B1-CFBB-4F4E-A495-8B94172369F1}
	EndGlobalSection
EndGlobal
